// !$*UTF8*$!
{
	archiveVersion = 1;
	classes = {
	};
	objectVersion = 55;
	objects = {

/* Begin PBXBuildFile section */
		198A487028B24BF1002B91A5 /* AdminViewController.swift in Sources */ = {isa = PBXBuildFile; fileRef = 198A486F28B24BF1002B91A5 /* AdminViewController.swift */; };
		198A487228B24D79002B91A5 /* DashboardsViewController.swift in Sources */ = {isa = PBXBuildFile; fileRef = 198A487128B24D79002B91A5 /* DashboardsViewController.swift */; };
		198A48B528BCB3F7002B91A5 /* NewProjectViewController.swift in Sources */ = {isa = PBXBuildFile; fileRef = 198A48B428BCB3F7002B91A5 /* NewProjectViewController.swift */; };
		198A48B828BCF7A0002B91A5 /* TrackListView.swift in Sources */ = {isa = PBXBuildFile; fileRef = 198A48B728BCF7A0002B91A5 /* TrackListView.swift */; };
		198A48BA28BCF90B002B91A5 /* PlaylistDetailController.swift in Sources */ = {isa = PBXBuildFile; fileRef = 198A48B928BCF90B002B91A5 /* PlaylistDetailController.swift */; };
		19BBBF6028AA89C700798EE8 /* HomeViewController.swift in Sources */ = {isa = PBXBuildFile; fileRef = 19BBBF5F28AA89C700798EE8 /* HomeViewController.swift */; };
		19BBBF6228AA8E3300798EE8 /* ProjectViewController.swift in Sources */ = {isa = PBXBuildFile; fileRef = 19BBBF6128AA8E3300798EE8 /* ProjectViewController.swift */; };
		19DA03EA28AA485A0093AC1B /* Models.swift in Sources */ = {isa = PBXBuildFile; fileRef = 19DA03E928AA485A0093AC1B /* Models.swift */; };
		19F7CBBD289D163F002BA027 /* AppDelegate.swift in Sources */ = {isa = PBXBuildFile; fileRef = 19F7CBBC289D163F002BA027 /* AppDelegate.swift */; };
		19F7CBBF289D163F002BA027 /* SceneDelegate.swift in Sources */ = {isa = PBXBuildFile; fileRef = 19F7CBBE289D163F002BA027 /* SceneDelegate.swift */; };
		19F7CBC1289D163F002BA027 /* ViewController.swift in Sources */ = {isa = PBXBuildFile; fileRef = 19F7CBC0289D163F002BA027 /* ViewController.swift */; };
		19F7CBC4289D163F002BA027 /* Main.storyboard in Resources */ = {isa = PBXBuildFile; fileRef = 19F7CBC2289D163F002BA027 /* Main.storyboard */; };
		19F7CBC7289D163F002BA027 /* BugTracker2.xcdatamodeld in Sources */ = {isa = PBXBuildFile; fileRef = 19F7CBC5289D163F002BA027 /* BugTracker2.xcdatamodeld */; };
		19F7CBC9289D1640002BA027 /* Assets.xcassets in Resources */ = {isa = PBXBuildFile; fileRef = 19F7CBC8289D1640002BA027 /* Assets.xcassets */; };
		19F7CBCC289D1640002BA027 /* LaunchScreen.storyboard in Resources */ = {isa = PBXBuildFile; fileRef = 19F7CBCA289D1640002BA027 /* LaunchScreen.storyboard */; };
		19F7CBD7289D1640002BA027 /* BugTracker2Tests.swift in Sources */ = {isa = PBXBuildFile; fileRef = 19F7CBD6289D1640002BA027 /* BugTracker2Tests.swift */; };
		19F7CBE1289D1640002BA027 /* BugTracker2UITests.swift in Sources */ = {isa = PBXBuildFile; fileRef = 19F7CBE0289D1640002BA027 /* BugTracker2UITests.swift */; };
		19F7CBE3289D1640002BA027 /* BugTracker2UITestsLaunchTests.swift in Sources */ = {isa = PBXBuildFile; fileRef = 19F7CBE2289D1640002BA027 /* BugTracker2UITestsLaunchTests.swift */; };
		740F48CC99D016C5706128DD /* Pods_BugTracker2Tests.framework in Frameworks */ = {isa = PBXBuildFile; fileRef = 66F13B1A96A48CD469148AC6 /* Pods_BugTracker2Tests.framework */; };
		7C0C778A8D71248C555524BB /* Pods_BugTracker2_BugTracker2UITests.framework in Frameworks */ = {isa = PBXBuildFile; fileRef = 808B804349988B0164CA4A63 /* Pods_BugTracker2_BugTracker2UITests.framework */; };
		C450B12EF613C994EA0FD0B6 /* Pods_BugTracker2.framework in Frameworks */ = {isa = PBXBuildFile; fileRef = FD0EAC01172DC13765965786 /* Pods_BugTracker2.framework */; };
/* End PBXBuildFile section */

/* Begin PBXContainerItemProxy section */
		19F7CBD3289D1640002BA027 /* PBXContainerItemProxy */ = {
			isa = PBXContainerItemProxy;
			containerPortal = 19F7CBB1289D163E002BA027 /* Project object */;
			proxyType = 1;
			remoteGlobalIDString = 19F7CBB8289D163F002BA027;
			remoteInfo = BugTracker2;
		};
		19F7CBDD289D1640002BA027 /* PBXContainerItemProxy */ = {
			isa = PBXContainerItemProxy;
			containerPortal = 19F7CBB1289D163E002BA027 /* Project object */;
			proxyType = 1;
			remoteGlobalIDString = 19F7CBB8289D163F002BA027;
			remoteInfo = BugTracker2;
		};
/* End PBXContainerItemProxy section */

/* Begin PBXFileReference section */
		198A486F28B24BF1002B91A5 /* AdminViewController.swift */ = {isa = PBXFileReference; lastKnownFileType = sourcecode.swift; path = AdminViewController.swift; sourceTree = "<group>"; };
		198A487128B24D79002B91A5 /* DashboardsViewController.swift */ = {isa = PBXFileReference; lastKnownFileType = sourcecode.swift; path = DashboardsViewController.swift; sourceTree = "<group>"; };
		198A48B428BCB3F7002B91A5 /* NewProjectViewController.swift */ = {isa = PBXFileReference; lastKnownFileType = sourcecode.swift; path = NewProjectViewController.swift; sourceTree = "<group>"; };
		198A48B728BCF7A0002B91A5 /* TrackListView.swift */ = {isa = PBXFileReference; lastKnownFileType = sourcecode.swift; path = TrackListView.swift; sourceTree = "<group>"; };
		198A48B928BCF90B002B91A5 /* PlaylistDetailController.swift */ = {isa = PBXFileReference; lastKnownFileType = sourcecode.swift; path = PlaylistDetailController.swift; sourceTree = "<group>"; };
		19BBBF5F28AA89C700798EE8 /* HomeViewController.swift */ = {isa = PBXFileReference; lastKnownFileType = sourcecode.swift; path = HomeViewController.swift; sourceTree = "<group>"; };
		19BBBF6128AA8E3300798EE8 /* ProjectViewController.swift */ = {isa = PBXFileReference; lastKnownFileType = sourcecode.swift; path = ProjectViewController.swift; sourceTree = "<group>"; };
		19DA03E928AA485A0093AC1B /* Models.swift */ = {isa = PBXFileReference; lastKnownFileType = sourcecode.swift; path = Models.swift; sourceTree = "<group>"; };
		19F7CBB9289D163F002BA027 /* BugTracker2.app */ = {isa = PBXFileReference; explicitFileType = wrapper.application; includeInIndex = 0; path = BugTracker2.app; sourceTree = BUILT_PRODUCTS_DIR; };
		19F7CBBC289D163F002BA027 /* AppDelegate.swift */ = {isa = PBXFileReference; lastKnownFileType = sourcecode.swift; path = AppDelegate.swift; sourceTree = "<group>"; };
		19F7CBBE289D163F002BA027 /* SceneDelegate.swift */ = {isa = PBXFileReference; lastKnownFileType = sourcecode.swift; path = SceneDelegate.swift; sourceTree = "<group>"; };
		19F7CBC0289D163F002BA027 /* ViewController.swift */ = {isa = PBXFileReference; lastKnownFileType = sourcecode.swift; path = ViewController.swift; sourceTree = "<group>"; };
		19F7CBC3289D163F002BA027 /* Base */ = {isa = PBXFileReference; lastKnownFileType = file.storyboard; name = Base; path = Base.lproj/Main.storyboard; sourceTree = "<group>"; };
		19F7CBC6289D163F002BA027 /* BugTracker2.xcdatamodel */ = {isa = PBXFileReference; lastKnownFileType = wrapper.xcdatamodel; path = BugTracker2.xcdatamodel; sourceTree = "<group>"; };
		19F7CBC8289D1640002BA027 /* Assets.xcassets */ = {isa = PBXFileReference; lastKnownFileType = folder.assetcatalog; path = Assets.xcassets; sourceTree = "<group>"; };
		19F7CBCB289D1640002BA027 /* Base */ = {isa = PBXFileReference; lastKnownFileType = file.storyboard; name = Base; path = Base.lproj/LaunchScreen.storyboard; sourceTree = "<group>"; };
		19F7CBCD289D1640002BA027 /* Info.plist */ = {isa = PBXFileReference; lastKnownFileType = text.plist.xml; path = Info.plist; sourceTree = "<group>"; };
		19F7CBD2289D1640002BA027 /* BugTracker2Tests.xctest */ = {isa = PBXFileReference; explicitFileType = wrapper.cfbundle; includeInIndex = 0; path = BugTracker2Tests.xctest; sourceTree = BUILT_PRODUCTS_DIR; };
		19F7CBD6289D1640002BA027 /* BugTracker2Tests.swift */ = {isa = PBXFileReference; lastKnownFileType = sourcecode.swift; path = BugTracker2Tests.swift; sourceTree = "<group>"; };
		19F7CBDC289D1640002BA027 /* BugTracker2UITests.xctest */ = {isa = PBXFileReference; explicitFileType = wrapper.cfbundle; includeInIndex = 0; path = BugTracker2UITests.xctest; sourceTree = BUILT_PRODUCTS_DIR; };
		19F7CBE0289D1640002BA027 /* BugTracker2UITests.swift */ = {isa = PBXFileReference; lastKnownFileType = sourcecode.swift; path = BugTracker2UITests.swift; sourceTree = "<group>"; };
		19F7CBE2289D1640002BA027 /* BugTracker2UITestsLaunchTests.swift */ = {isa = PBXFileReference; lastKnownFileType = sourcecode.swift; path = BugTracker2UITestsLaunchTests.swift; sourceTree = "<group>"; };
		53005DF1E174CC77CFCAF353 /* Pods-BugTracker2.debug.xcconfig */ = {isa = PBXFileReference; includeInIndex = 1; lastKnownFileType = text.xcconfig; name = "Pods-BugTracker2.debug.xcconfig"; path = "Target Support Files/Pods-BugTracker2/Pods-BugTracker2.debug.xcconfig"; sourceTree = "<group>"; };
		66F13B1A96A48CD469148AC6 /* Pods_BugTracker2Tests.framework */ = {isa = PBXFileReference; explicitFileType = wrapper.framework; includeInIndex = 0; path = Pods_BugTracker2Tests.framework; sourceTree = BUILT_PRODUCTS_DIR; };
		808B804349988B0164CA4A63 /* Pods_BugTracker2_BugTracker2UITests.framework */ = {isa = PBXFileReference; explicitFileType = wrapper.framework; includeInIndex = 0; path = Pods_BugTracker2_BugTracker2UITests.framework; sourceTree = BUILT_PRODUCTS_DIR; };
		86087A87EC053676C228879F /* Pods-BugTracker2-BugTracker2UITests.debug.xcconfig */ = {isa = PBXFileReference; includeInIndex = 1; lastKnownFileType = text.xcconfig; name = "Pods-BugTracker2-BugTracker2UITests.debug.xcconfig"; path = "Target Support Files/Pods-BugTracker2-BugTracker2UITests/Pods-BugTracker2-BugTracker2UITests.debug.xcconfig"; sourceTree = "<group>"; };
		864B1DE47BC14BD773410F2E /* Pods-BugTracker2Tests.debug.xcconfig */ = {isa = PBXFileReference; includeInIndex = 1; lastKnownFileType = text.xcconfig; name = "Pods-BugTracker2Tests.debug.xcconfig"; path = "Target Support Files/Pods-BugTracker2Tests/Pods-BugTracker2Tests.debug.xcconfig"; sourceTree = "<group>"; };
		A7D9388EAAE13D1510F155C4 /* Pods-BugTracker2-BugTracker2UITests.release.xcconfig */ = {isa = PBXFileReference; includeInIndex = 1; lastKnownFileType = text.xcconfig; name = "Pods-BugTracker2-BugTracker2UITests.release.xcconfig"; path = "Target Support Files/Pods-BugTracker2-BugTracker2UITests/Pods-BugTracker2-BugTracker2UITests.release.xcconfig"; sourceTree = "<group>"; };
		D5682AA48709C26D9C02F2FC /* Pods-BugTracker2Tests.release.xcconfig */ = {isa = PBXFileReference; includeInIndex = 1; lastKnownFileType = text.xcconfig; name = "Pods-BugTracker2Tests.release.xcconfig"; path = "Target Support Files/Pods-BugTracker2Tests/Pods-BugTracker2Tests.release.xcconfig"; sourceTree = "<group>"; };
		F48A7B64E477FC2D9C3ED838 /* Pods-BugTracker2.release.xcconfig */ = {isa = PBXFileReference; includeInIndex = 1; lastKnownFileType = text.xcconfig; name = "Pods-BugTracker2.release.xcconfig"; path = "Target Support Files/Pods-BugTracker2/Pods-BugTracker2.release.xcconfig"; sourceTree = "<group>"; };
		FD0EAC01172DC13765965786 /* Pods_BugTracker2.framework */ = {isa = PBXFileReference; explicitFileType = wrapper.framework; includeInIndex = 0; path = Pods_BugTracker2.framework; sourceTree = BUILT_PRODUCTS_DIR; };
/* End PBXFileReference section */

/* Begin PBXFrameworksBuildPhase section */
		19F7CBB6289D163F002BA027 /* Frameworks */ = {
			isa = PBXFrameworksBuildPhase;
			buildActionMask = 2147483647;
			files = (
				C450B12EF613C994EA0FD0B6 /* Pods_BugTracker2.framework in Frameworks */,
			);
			runOnlyForDeploymentPostprocessing = 0;
		};
		19F7CBCF289D1640002BA027 /* Frameworks */ = {
			isa = PBXFrameworksBuildPhase;
			buildActionMask = 2147483647;
			files = (
				740F48CC99D016C5706128DD /* Pods_BugTracker2Tests.framework in Frameworks */,
			);
			runOnlyForDeploymentPostprocessing = 0;
		};
		19F7CBD9289D1640002BA027 /* Frameworks */ = {
			isa = PBXFrameworksBuildPhase;
			buildActionMask = 2147483647;
			files = (
				7C0C778A8D71248C555524BB /* Pods_BugTracker2_BugTracker2UITests.framework in Frameworks */,
			);
			runOnlyForDeploymentPostprocessing = 0;
		};
/* End PBXFrameworksBuildPhase section */

/* Begin PBXGroup section */
		1938B1EE28AA39D300DB1631 /* ViewControllers */ = {
			isa = PBXGroup;
			children = (
				198A48B628BCF783002B91A5 /* ProbandoPicker */,
				19BBBF5F28AA89C700798EE8 /* HomeViewController.swift */,
				19BBBF6128AA8E3300798EE8 /* ProjectViewController.swift */,
				198A486F28B24BF1002B91A5 /* AdminViewController.swift */,
				198A487128B24D79002B91A5 /* DashboardsViewController.swift */,
				198A48B428BCB3F7002B91A5 /* NewProjectViewController.swift */,
			);
			path = ViewControllers;
			sourceTree = "<group>";
		};
		1938B1EF28AA45B600DB1631 /* Views */ = {
			isa = PBXGroup;
			children = (
			);
			path = Views;
			sourceTree = "<group>";
		};
		198A48B628BCF783002B91A5 /* ProbandoPicker */ = {
			isa = PBXGroup;
			children = (
				198A48B728BCF7A0002B91A5 /* TrackListView.swift */,
				198A48B928BCF90B002B91A5 /* PlaylistDetailController.swift */,
			);
			path = ProbandoPicker;
			sourceTree = "<group>";
		};
		19DA03E828AA483A0093AC1B /* Models */ = {
			isa = PBXGroup;
			children = (
				19DA03E928AA485A0093AC1B /* Models.swift */,
			);
			path = Models;
			sourceTree = "<group>";
		};
		19F7CBB0289D163E002BA027 = {
			isa = PBXGroup;
			children = (
				19F7CBBB289D163F002BA027 /* BugTracker2 */,
				19F7CBD5289D1640002BA027 /* BugTracker2Tests */,
				19F7CBDF289D1640002BA027 /* BugTracker2UITests */,
				19F7CBBA289D163F002BA027 /* Products */,
				7A2C9E9ED91EE5F5474F59AF /* Pods */,
				F92FFDD23787427A5464C548 /* Frameworks */,
			);
			sourceTree = "<group>";
		};
		19F7CBBA289D163F002BA027 /* Products */ = {
			isa = PBXGroup;
			children = (
				19F7CBB9289D163F002BA027 /* BugTracker2.app */,
				19F7CBD2289D1640002BA027 /* BugTracker2Tests.xctest */,
				19F7CBDC289D1640002BA027 /* BugTracker2UITests.xctest */,
			);
			name = Products;
			sourceTree = "<group>";
		};
		19F7CBBB289D163F002BA027 /* BugTracker2 */ = {
			isa = PBXGroup;
			children = (
				19DA03E828AA483A0093AC1B /* Models */,
				1938B1EF28AA45B600DB1631 /* Views */,
				1938B1EE28AA39D300DB1631 /* ViewControllers */,
				19F7CBBC289D163F002BA027 /* AppDelegate.swift */,
				19F7CBBE289D163F002BA027 /* SceneDelegate.swift */,
				19F7CBC0289D163F002BA027 /* ViewController.swift */,
				19F7CBC2289D163F002BA027 /* Main.storyboard */,
				19F7CBC8289D1640002BA027 /* Assets.xcassets */,
				19F7CBCA289D1640002BA027 /* LaunchScreen.storyboard */,
				19F7CBCD289D1640002BA027 /* Info.plist */,
				19F7CBC5289D163F002BA027 /* BugTracker2.xcdatamodeld */,
			);
			path = BugTracker2;
			sourceTree = "<group>";
		};
		19F7CBD5289D1640002BA027 /* BugTracker2Tests */ = {
			isa = PBXGroup;
			children = (
				19F7CBD6289D1640002BA027 /* BugTracker2Tests.swift */,
			);
			path = BugTracker2Tests;
			sourceTree = "<group>";
		};
		19F7CBDF289D1640002BA027 /* BugTracker2UITests */ = {
			isa = PBXGroup;
			children = (
				19F7CBE0289D1640002BA027 /* BugTracker2UITests.swift */,
				19F7CBE2289D1640002BA027 /* BugTracker2UITestsLaunchTests.swift */,
			);
			path = BugTracker2UITests;
			sourceTree = "<group>";
		};
		7A2C9E9ED91EE5F5474F59AF /* Pods */ = {
			isa = PBXGroup;
			children = (
				53005DF1E174CC77CFCAF353 /* Pods-BugTracker2.debug.xcconfig */,
				F48A7B64E477FC2D9C3ED838 /* Pods-BugTracker2.release.xcconfig */,
				86087A87EC053676C228879F /* Pods-BugTracker2-BugTracker2UITests.debug.xcconfig */,
				A7D9388EAAE13D1510F155C4 /* Pods-BugTracker2-BugTracker2UITests.release.xcconfig */,
				864B1DE47BC14BD773410F2E /* Pods-BugTracker2Tests.debug.xcconfig */,
				D5682AA48709C26D9C02F2FC /* Pods-BugTracker2Tests.release.xcconfig */,
			);
			name = Pods;
			path = Pods;
			sourceTree = "<group>";
		};
		F92FFDD23787427A5464C548 /* Frameworks */ = {
			isa = PBXGroup;
			children = (
				FD0EAC01172DC13765965786 /* Pods_BugTracker2.framework */,
				808B804349988B0164CA4A63 /* Pods_BugTracker2_BugTracker2UITests.framework */,
				66F13B1A96A48CD469148AC6 /* Pods_BugTracker2Tests.framework */,
			);
			name = Frameworks;
			sourceTree = "<group>";
		};
/* End PBXGroup section */

/* Begin PBXNativeTarget section */
		19F7CBB8289D163F002BA027 /* BugTracker2 */ = {
			isa = PBXNativeTarget;
			buildConfigurationList = 19F7CBE6289D1640002BA027 /* Build configuration list for PBXNativeTarget "BugTracker2" */;
			buildPhases = (
				EC2867DDF998414CAB083D68 /* [CP] Check Pods Manifest.lock */,
				19F7CBB5289D163F002BA027 /* Sources */,
				19F7CBB6289D163F002BA027 /* Frameworks */,
				19F7CBB7289D163F002BA027 /* Resources */,
				2263A942756100EEADE3E15C /* [CP] Embed Pods Frameworks */,
			);
			buildRules = (
			);
			dependencies = (
			);
			name = BugTracker2;
			productName = BugTracker2;
			productReference = 19F7CBB9289D163F002BA027 /* BugTracker2.app */;
			productType = "com.apple.product-type.application";
		};
		19F7CBD1289D1640002BA027 /* BugTracker2Tests */ = {
			isa = PBXNativeTarget;
			buildConfigurationList = 19F7CBE9289D1640002BA027 /* Build configuration list for PBXNativeTarget "BugTracker2Tests" */;
			buildPhases = (
				837617C425F02A746D396F42 /* [CP] Check Pods Manifest.lock */,
				19F7CBCE289D1640002BA027 /* Sources */,
				19F7CBCF289D1640002BA027 /* Frameworks */,
				19F7CBD0289D1640002BA027 /* Resources */,
			);
			buildRules = (
			);
			dependencies = (
				19F7CBD4289D1640002BA027 /* PBXTargetDependency */,
			);
			name = BugTracker2Tests;
			productName = BugTracker2Tests;
			productReference = 19F7CBD2289D1640002BA027 /* BugTracker2Tests.xctest */;
			productType = "com.apple.product-type.bundle.unit-test";
		};
		19F7CBDB289D1640002BA027 /* BugTracker2UITests */ = {
			isa = PBXNativeTarget;
			buildConfigurationList = 19F7CBEC289D1640002BA027 /* Build configuration list for PBXNativeTarget "BugTracker2UITests" */;
			buildPhases = (
				BC6A63423AF459121CE14EEA /* [CP] Check Pods Manifest.lock */,
				19F7CBD8289D1640002BA027 /* Sources */,
				19F7CBD9289D1640002BA027 /* Frameworks */,
				19F7CBDA289D1640002BA027 /* Resources */,
				D353DE2331F4013820C94390 /* [CP] Embed Pods Frameworks */,
			);
			buildRules = (
			);
			dependencies = (
				19F7CBDE289D1640002BA027 /* PBXTargetDependency */,
			);
			name = BugTracker2UITests;
			productName = BugTracker2UITests;
			productReference = 19F7CBDC289D1640002BA027 /* BugTracker2UITests.xctest */;
			productType = "com.apple.product-type.bundle.ui-testing";
		};
/* End PBXNativeTarget section */

/* Begin PBXProject section */
		19F7CBB1289D163E002BA027 /* Project object */ = {
			isa = PBXProject;
			attributes = {
				BuildIndependentTargetsInParallel = 1;
				LastSwiftUpdateCheck = 1340;
				LastUpgradeCheck = 1340;
				TargetAttributes = {
					19F7CBB8289D163F002BA027 = {
						CreatedOnToolsVersion = 13.4.1;
					};
					19F7CBD1289D1640002BA027 = {
						CreatedOnToolsVersion = 13.4.1;
						TestTargetID = 19F7CBB8289D163F002BA027;
					};
					19F7CBDB289D1640002BA027 = {
						CreatedOnToolsVersion = 13.4.1;
						TestTargetID = 19F7CBB8289D163F002BA027;
					};
				};
			};
			buildConfigurationList = 19F7CBB4289D163E002BA027 /* Build configuration list for PBXProject "BugTracker2" */;
			compatibilityVersion = "Xcode 13.0";
			developmentRegion = en;
			hasScannedForEncodings = 0;
			knownRegions = (
				en,
				Base,
			);
			mainGroup = 19F7CBB0289D163E002BA027;
			productRefGroup = 19F7CBBA289D163F002BA027 /* Products */;
			projectDirPath = "";
			projectRoot = "";
			targets = (
				19F7CBB8289D163F002BA027 /* BugTracker2 */,
				19F7CBD1289D1640002BA027 /* BugTracker2Tests */,
				19F7CBDB289D1640002BA027 /* BugTracker2UITests */,
			);
		};
/* End PBXProject section */

/* Begin PBXResourcesBuildPhase section */
		19F7CBB7289D163F002BA027 /* Resources */ = {
			isa = PBXResourcesBuildPhase;
			buildActionMask = 2147483647;
			files = (
				19F7CBCC289D1640002BA027 /* LaunchScreen.storyboard in Resources */,
				19F7CBC9289D1640002BA027 /* Assets.xcassets in Resources */,
				19F7CBC4289D163F002BA027 /* Main.storyboard in Resources */,
			);
			runOnlyForDeploymentPostprocessing = 0;
		};
		19F7CBD0289D1640002BA027 /* Resources */ = {
			isa = PBXResourcesBuildPhase;
			buildActionMask = 2147483647;
			files = (
			);
			runOnlyForDeploymentPostprocessing = 0;
		};
		19F7CBDA289D1640002BA027 /* Resources */ = {
			isa = PBXResourcesBuildPhase;
			buildActionMask = 2147483647;
			files = (
			);
			runOnlyForDeploymentPostprocessing = 0;
		};
/* End PBXResourcesBuildPhase section */

/* Begin PBXShellScriptBuildPhase section */
		2263A942756100EEADE3E15C /* [CP] Embed Pods Frameworks */ = {
			isa = PBXShellScriptBuildPhase;
			buildActionMask = 2147483647;
			files = (
			);
			inputFileListPaths = (
				"${PODS_ROOT}/Target Support Files/Pods-BugTracker2/Pods-BugTracker2-frameworks-${CONFIGURATION}-input-files.xcfilelist",
			);
			name = "[CP] Embed Pods Frameworks";
			outputFileListPaths = (
				"${PODS_ROOT}/Target Support Files/Pods-BugTracker2/Pods-BugTracker2-frameworks-${CONFIGURATION}-output-files.xcfilelist",
			);
			runOnlyForDeploymentPostprocessing = 0;
			shellPath = /bin/sh;
			shellScript = "\"${PODS_ROOT}/Target Support Files/Pods-BugTracker2/Pods-BugTracker2-frameworks.sh\"\n";
			showEnvVarsInLog = 0;
		};
		837617C425F02A746D396F42 /* [CP] Check Pods Manifest.lock */ = {
			isa = PBXShellScriptBuildPhase;
			buildActionMask = 2147483647;
			files = (
			);
			inputFileListPaths = (
			);
			inputPaths = (
				"${PODS_PODFILE_DIR_PATH}/Podfile.lock",
				"${PODS_ROOT}/Manifest.lock",
			);
			name = "[CP] Check Pods Manifest.lock";
			outputFileListPaths = (
			);
			outputPaths = (
				"$(DERIVED_FILE_DIR)/Pods-BugTracker2Tests-checkManifestLockResult.txt",
			);
			runOnlyForDeploymentPostprocessing = 0;
			shellPath = /bin/sh;
			shellScript = "diff \"${PODS_PODFILE_DIR_PATH}/Podfile.lock\" \"${PODS_ROOT}/Manifest.lock\" > /dev/null\nif [ $? != 0 ] ; then\n    # print error to STDERR\n    echo \"error: The sandbox is not in sync with the Podfile.lock. Run 'pod install' or update your CocoaPods installation.\" >&2\n    exit 1\nfi\n# This output is used by Xcode 'outputs' to avoid re-running this script phase.\necho \"SUCCESS\" > \"${SCRIPT_OUTPUT_FILE_0}\"\n";
			showEnvVarsInLog = 0;
		};
		BC6A63423AF459121CE14EEA /* [CP] Check Pods Manifest.lock */ = {
			isa = PBXShellScriptBuildPhase;
			buildActionMask = 2147483647;
			files = (
			);
			inputFileListPaths = (
			);
			inputPaths = (
				"${PODS_PODFILE_DIR_PATH}/Podfile.lock",
				"${PODS_ROOT}/Manifest.lock",
			);
			name = "[CP] Check Pods Manifest.lock";
			outputFileListPaths = (
			);
			outputPaths = (
				"$(DERIVED_FILE_DIR)/Pods-BugTracker2-BugTracker2UITests-checkManifestLockResult.txt",
			);
			runOnlyForDeploymentPostprocessing = 0;
			shellPath = /bin/sh;
			shellScript = "diff \"${PODS_PODFILE_DIR_PATH}/Podfile.lock\" \"${PODS_ROOT}/Manifest.lock\" > /dev/null\nif [ $? != 0 ] ; then\n    # print error to STDERR\n    echo \"error: The sandbox is not in sync with the Podfile.lock. Run 'pod install' or update your CocoaPods installation.\" >&2\n    exit 1\nfi\n# This output is used by Xcode 'outputs' to avoid re-running this script phase.\necho \"SUCCESS\" > \"${SCRIPT_OUTPUT_FILE_0}\"\n";
			showEnvVarsInLog = 0;
		};
		D353DE2331F4013820C94390 /* [CP] Embed Pods Frameworks */ = {
			isa = PBXShellScriptBuildPhase;
			buildActionMask = 2147483647;
			files = (
			);
			inputFileListPaths = (
				"${PODS_ROOT}/Target Support Files/Pods-BugTracker2-BugTracker2UITests/Pods-BugTracker2-BugTracker2UITests-frameworks-${CONFIGURATION}-input-files.xcfilelist",
			);
			name = "[CP] Embed Pods Frameworks";
			outputFileListPaths = (
				"${PODS_ROOT}/Target Support Files/Pods-BugTracker2-BugTracker2UITests/Pods-BugTracker2-BugTracker2UITests-frameworks-${CONFIGURATION}-output-files.xcfilelist",
			);
			runOnlyForDeploymentPostprocessing = 0;
			shellPath = /bin/sh;
			shellScript = "\"${PODS_ROOT}/Target Support Files/Pods-BugTracker2-BugTracker2UITests/Pods-BugTracker2-BugTracker2UITests-frameworks.sh\"\n";
			showEnvVarsInLog = 0;
		};
		EC2867DDF998414CAB083D68 /* [CP] Check Pods Manifest.lock */ = {
			isa = PBXShellScriptBuildPhase;
			buildActionMask = 2147483647;
			files = (
			);
			inputFileListPaths = (
			);
			inputPaths = (
				"${PODS_PODFILE_DIR_PATH}/Podfile.lock",
				"${PODS_ROOT}/Manifest.lock",
			);
			name = "[CP] Check Pods Manifest.lock";
			outputFileListPaths = (
			);
			outputPaths = (
				"$(DERIVED_FILE_DIR)/Pods-BugTracker2-checkManifestLockResult.txt",
			);
			runOnlyForDeploymentPostprocessing = 0;
			shellPath = /bin/sh;
			shellScript = "diff \"${PODS_PODFILE_DIR_PATH}/Podfile.lock\" \"${PODS_ROOT}/Manifest.lock\" > /dev/null\nif [ $? != 0 ] ; then\n    # print error to STDERR\n    echo \"error: The sandbox is not in sync with the Podfile.lock. Run 'pod install' or update your CocoaPods installation.\" >&2\n    exit 1\nfi\n# This output is used by Xcode 'outputs' to avoid re-running this script phase.\necho \"SUCCESS\" > \"${SCRIPT_OUTPUT_FILE_0}\"\n";
			showEnvVarsInLog = 0;
		};
/* End PBXShellScriptBuildPhase section */

/* Begin PBXSourcesBuildPhase section */
		19F7CBB5289D163F002BA027 /* Sources */ = {
			isa = PBXSourcesBuildPhase;
			buildActionMask = 2147483647;
			files = (
				198A48B828BCF7A0002B91A5 /* TrackListView.swift in Sources */,
				198A487028B24BF1002B91A5 /* AdminViewController.swift in Sources */,
				19F7CBC7289D163F002BA027 /* BugTracker2.xcdatamodeld in Sources */,
				198A487228B24D79002B91A5 /* DashboardsViewController.swift in Sources */,
				19BBBF6028AA89C700798EE8 /* HomeViewController.swift in Sources */,
				19F7CBC1289D163F002BA027 /* ViewController.swift in Sources */,
				198A48BA28BCF90B002B91A5 /* PlaylistDetailController.swift in Sources */,
				19F7CBBD289D163F002BA027 /* AppDelegate.swift in Sources */,
				19F7CBBF289D163F002BA027 /* SceneDelegate.swift in Sources */,
				19BBBF6228AA8E3300798EE8 /* ProjectViewController.swift in Sources */,
				19DA03EA28AA485A0093AC1B /* Models.swift in Sources */,
				198A48B528BCB3F7002B91A5 /* NewProjectViewController.swift in Sources */,
			);
			runOnlyForDeploymentPostprocessing = 0;
		};
		19F7CBCE289D1640002BA027 /* Sources */ = {
			isa = PBXSourcesBuildPhase;
			buildActionMask = 2147483647;
			files = (
				19F7CBD7289D1640002BA027 /* BugTracker2Tests.swift in Sources */,
			);
			runOnlyForDeploymentPostprocessing = 0;
		};
		19F7CBD8289D1640002BA027 /* Sources */ = {
			isa = PBXSourcesBuildPhase;
			buildActionMask = 2147483647;
			files = (
				19F7CBE1289D1640002BA027 /* BugTracker2UITests.swift in Sources */,
				19F7CBE3289D1640002BA027 /* BugTracker2UITestsLaunchTests.swift in Sources */,
			);
			runOnlyForDeploymentPostprocessing = 0;
		};
/* End PBXSourcesBuildPhase section */

/* Begin PBXTargetDependency section */
		19F7CBD4289D1640002BA027 /* PBXTargetDependency */ = {
			isa = PBXTargetDependency;
			target = 19F7CBB8289D163F002BA027 /* BugTracker2 */;
			targetProxy = 19F7CBD3289D1640002BA027 /* PBXContainerItemProxy */;
		};
		19F7CBDE289D1640002BA027 /* PBXTargetDependency */ = {
			isa = PBXTargetDependency;
			target = 19F7CBB8289D163F002BA027 /* BugTracker2 */;
			targetProxy = 19F7CBDD289D1640002BA027 /* PBXContainerItemProxy */;
		};
/* End PBXTargetDependency section */

/* Begin PBXVariantGroup section */
		19F7CBC2289D163F002BA027 /* Main.storyboard */ = {
			isa = PBXVariantGroup;
			children = (
				19F7CBC3289D163F002BA027 /* Base */,
			);
			name = Main.storyboard;
			sourceTree = "<group>";
		};
		19F7CBCA289D1640002BA027 /* LaunchScreen.storyboard */ = {
			isa = PBXVariantGroup;
			children = (
				19F7CBCB289D1640002BA027 /* Base */,
			);
			name = LaunchScreen.storyboard;
			sourceTree = "<group>";
		};
/* End PBXVariantGroup section */

/* Begin XCBuildConfiguration section */
		19F7CBE4289D1640002BA027 /* Debug */ = {
			isa = XCBuildConfiguration;
			buildSettings = {
				ALWAYS_SEARCH_USER_PATHS = NO;
				CLANG_ANALYZER_NONNULL = YES;
				CLANG_ANALYZER_NUMBER_OBJECT_CONVERSION = YES_AGGRESSIVE;
				CLANG_CXX_LANGUAGE_STANDARD = "gnu++17";
				CLANG_ENABLE_MODULES = YES;
				CLANG_ENABLE_OBJC_ARC = YES;
				CLANG_ENABLE_OBJC_WEAK = YES;
				CLANG_WARN_BLOCK_CAPTURE_AUTORELEASING = YES;
				CLANG_WARN_BOOL_CONVERSION = YES;
				CLANG_WARN_COMMA = YES;
				CLANG_WARN_CONSTANT_CONVERSION = YES;
				CLANG_WARN_DEPRECATED_OBJC_IMPLEMENTATIONS = YES;
				CLANG_WARN_DIRECT_OBJC_ISA_USAGE = YES_ERROR;
				CLANG_WARN_DOCUMENTATION_COMMENTS = YES;
				CLANG_WARN_EMPTY_BODY = YES;
				CLANG_WARN_ENUM_CONVERSION = YES;
				CLANG_WARN_INFINITE_RECURSION = YES;
				CLANG_WARN_INT_CONVERSION = YES;
				CLANG_WARN_NON_LITERAL_NULL_CONVERSION = YES;
				CLANG_WARN_OBJC_IMPLICIT_RETAIN_SELF = YES;
				CLANG_WARN_OBJC_LITERAL_CONVERSION = YES;
				CLANG_WARN_OBJC_ROOT_CLASS = YES_ERROR;
				CLANG_WARN_QUOTED_INCLUDE_IN_FRAMEWORK_HEADER = YES;
				CLANG_WARN_RANGE_LOOP_ANALYSIS = YES;
				CLANG_WARN_STRICT_PROTOTYPES = YES;
				CLANG_WARN_SUSPICIOUS_MOVE = YES;
				CLANG_WARN_UNGUARDED_AVAILABILITY = YES_AGGRESSIVE;
				CLANG_WARN_UNREACHABLE_CODE = YES;
				CLANG_WARN__DUPLICATE_METHOD_MATCH = YES;
				COPY_PHASE_STRIP = NO;
				DEBUG_INFORMATION_FORMAT = dwarf;
				ENABLE_STRICT_OBJC_MSGSEND = YES;
				ENABLE_TESTABILITY = YES;
				GCC_C_LANGUAGE_STANDARD = gnu11;
				GCC_DYNAMIC_NO_PIC = NO;
				GCC_NO_COMMON_BLOCKS = YES;
				GCC_OPTIMIZATION_LEVEL = 0;
				GCC_PREPROCESSOR_DEFINITIONS = (
					"DEBUG=1",
					"$(inherited)",
				);
				GCC_WARN_64_TO_32_BIT_CONVERSION = YES;
				GCC_WARN_ABOUT_RETURN_TYPE = YES_ERROR;
				GCC_WARN_UNDECLARED_SELECTOR = YES;
				GCC_WARN_UNINITIALIZED_AUTOS = YES_AGGRESSIVE;
				GCC_WARN_UNUSED_FUNCTION = YES;
				GCC_WARN_UNUSED_VARIABLE = YES;
				IPHONEOS_DEPLOYMENT_TARGET = 15.5;
				MTL_ENABLE_DEBUG_INFO = INCLUDE_SOURCE;
				MTL_FAST_MATH = YES;
				ONLY_ACTIVE_ARCH = YES;
				SDKROOT = iphoneos;
				SWIFT_ACTIVE_COMPILATION_CONDITIONS = DEBUG;
				SWIFT_OPTIMIZATION_LEVEL = "-Onone";
			};
			name = Debug;
		};
		19F7CBE5289D1640002BA027 /* Release */ = {
			isa = XCBuildConfiguration;
			buildSettings = {
				ALWAYS_SEARCH_USER_PATHS = NO;
				CLANG_ANALYZER_NONNULL = YES;
				CLANG_ANALYZER_NUMBER_OBJECT_CONVERSION = YES_AGGRESSIVE;
				CLANG_CXX_LANGUAGE_STANDARD = "gnu++17";
				CLANG_ENABLE_MODULES = YES;
				CLANG_ENABLE_OBJC_ARC = YES;
				CLANG_ENABLE_OBJC_WEAK = YES;
				CLANG_WARN_BLOCK_CAPTURE_AUTORELEASING = YES;
				CLANG_WARN_BOOL_CONVERSION = YES;
				CLANG_WARN_COMMA = YES;
				CLANG_WARN_CONSTANT_CONVERSION = YES;
				CLANG_WARN_DEPRECATED_OBJC_IMPLEMENTATIONS = YES;
				CLANG_WARN_DIRECT_OBJC_ISA_USAGE = YES_ERROR;
				CLANG_WARN_DOCUMENTATION_COMMENTS = YES;
				CLANG_WARN_EMPTY_BODY = YES;
				CLANG_WARN_ENUM_CONVERSION = YES;
				CLANG_WARN_INFINITE_RECURSION = YES;
				CLANG_WARN_INT_CONVERSION = YES;
				CLANG_WARN_NON_LITERAL_NULL_CONVERSION = YES;
				CLANG_WARN_OBJC_IMPLICIT_RETAIN_SELF = YES;
				CLANG_WARN_OBJC_LITERAL_CONVERSION = YES;
				CLANG_WARN_OBJC_ROOT_CLASS = YES_ERROR;
				CLANG_WARN_QUOTED_INCLUDE_IN_FRAMEWORK_HEADER = YES;
				CLANG_WARN_RANGE_LOOP_ANALYSIS = YES;
				CLANG_WARN_STRICT_PROTOTYPES = YES;
				CLANG_WARN_SUSPICIOUS_MOVE = YES;
				CLANG_WARN_UNGUARDED_AVAILABILITY = YES_AGGRESSIVE;
				CLANG_WARN_UNREACHABLE_CODE = YES;
				CLANG_WARN__DUPLICATE_METHOD_MATCH = YES;
				COPY_PHASE_STRIP = NO;
				DEBUG_INFORMATION_FORMAT = "dwarf-with-dsym";
				ENABLE_NS_ASSERTIONS = NO;
				ENABLE_STRICT_OBJC_MSGSEND = YES;
				GCC_C_LANGUAGE_STANDARD = gnu11;
				GCC_NO_COMMON_BLOCKS = YES;
				GCC_WARN_64_TO_32_BIT_CONVERSION = YES;
				GCC_WARN_ABOUT_RETURN_TYPE = YES_ERROR;
				GCC_WARN_UNDECLARED_SELECTOR = YES;
				GCC_WARN_UNINITIALIZED_AUTOS = YES_AGGRESSIVE;
				GCC_WARN_UNUSED_FUNCTION = YES;
				GCC_WARN_UNUSED_VARIABLE = YES;
				IPHONEOS_DEPLOYMENT_TARGET = 15.5;
				MTL_ENABLE_DEBUG_INFO = NO;
				MTL_FAST_MATH = YES;
				SDKROOT = iphoneos;
				SWIFT_COMPILATION_MODE = wholemodule;
				SWIFT_OPTIMIZATION_LEVEL = "-O";
				VALIDATE_PRODUCT = YES;
			};
			name = Release;
		};
		19F7CBE7289D1640002BA027 /* Debug */ = {
			isa = XCBuildConfiguration;
			baseConfigurationReference = 53005DF1E174CC77CFCAF353 /* Pods-BugTracker2.debug.xcconfig */;
			buildSettings = {
				ASSETCATALOG_COMPILER_APPICON_NAME = AppIcon;
				ASSETCATALOG_COMPILER_GLOBAL_ACCENT_COLOR_NAME = AccentColor;
				CODE_SIGN_STYLE = Automatic;
				CURRENT_PROJECT_VERSION = 1;
				GENERATE_INFOPLIST_FILE = YES;
				INFOPLIST_FILE = BugTracker2/Info.plist;
				INFOPLIST_KEY_UIApplicationSupportsIndirectInputEvents = YES;
				INFOPLIST_KEY_UILaunchStoryboardName = LaunchScreen;
				INFOPLIST_KEY_UIMainStoryboardFile = Main;
				INFOPLIST_KEY_UISupportedInterfaceOrientations_iPad = "UIInterfaceOrientationPortrait UIInterfaceOrientationPortraitUpsideDown UIInterfaceOrientationLandscapeLeft UIInterfaceOrientationLandscapeRight";
				INFOPLIST_KEY_UISupportedInterfaceOrientations_iPhone = "UIInterfaceOrientationPortrait UIInterfaceOrientationLandscapeLeft UIInterfaceOrientationLandscapeRight";
				LD_RUNPATH_SEARCH_PATHS = (
					"$(inherited)",
					"@executable_path/Frameworks",
				);
				MARKETING_VERSION = 1.0;
				PRODUCT_BUNDLE_IDENTIFIER = com.test.BugTracker2;
				PRODUCT_NAME = "$(TARGET_NAME)";
				SWIFT_EMIT_LOC_STRINGS = YES;
				SWIFT_VERSION = 5.0;
				TARGETED_DEVICE_FAMILY = "1,2";
			};
			name = Debug;
		};
		19F7CBE8289D1640002BA027 /* Release */ = {
			isa = XCBuildConfiguration;
			baseConfigurationReference = F48A7B64E477FC2D9C3ED838 /* Pods-BugTracker2.release.xcconfig */;
			buildSettings = {
				ASSETCATALOG_COMPILER_APPICON_NAME = AppIcon;
				ASSETCATALOG_COMPILER_GLOBAL_ACCENT_COLOR_NAME = AccentColor;
				CODE_SIGN_STYLE = Automatic;
				CURRENT_PROJECT_VERSION = 1;
				GENERATE_INFOPLIST_FILE = YES;
				INFOPLIST_FILE = BugTracker2/Info.plist;
				INFOPLIST_KEY_UIApplicationSupportsIndirectInputEvents = YES;
				INFOPLIST_KEY_UILaunchStoryboardName = LaunchScreen;
				INFOPLIST_KEY_UIMainStoryboardFile = Main;
				INFOPLIST_KEY_UISupportedInterfaceOrientations_iPad = "UIInterfaceOrientationPortrait UIInterfaceOrientationPortraitUpsideDown UIInterfaceOrientationLandscapeLeft UIInterfaceOrientationLandscapeRight";
				INFOPLIST_KEY_UISupportedInterfaceOrientations_iPhone = "UIInterfaceOrientationPortrait UIInterfaceOrientationLandscapeLeft UIInterfaceOrientationLandscapeRight";
				LD_RUNPATH_SEARCH_PATHS = (
					"$(inherited)",
					"@executable_path/Frameworks",
				);
				MARKETING_VERSION = 1.0;
				PRODUCT_BUNDLE_IDENTIFIER = com.test.BugTracker2;
				PRODUCT_NAME = "$(TARGET_NAME)";
				SWIFT_EMIT_LOC_STRINGS = YES;
				SWIFT_VERSION = 5.0;
				TARGETED_DEVICE_FAMILY = "1,2";
			};
			name = Release;
		};
		19F7CBEA289D1640002BA027 /* Debug */ = {
			isa = XCBuildConfiguration;
			baseConfigurationReference = 864B1DE47BC14BD773410F2E /* Pods-BugTracker2Tests.debug.xcconfig */;
			buildSettings = {
				ALWAYS_EMBED_SWIFT_STANDARD_LIBRARIES = YES;
				BUNDLE_LOADER = "$(TEST_HOST)";
				CODE_SIGN_STYLE = Automatic;
				CURRENT_PROJECT_VERSION = 1;
				GENERATE_INFOPLIST_FILE = YES;
				IPHONEOS_DEPLOYMENT_TARGET = 15.5;
				MARKETING_VERSION = 1.0;
				PRODUCT_BUNDLE_IDENTIFIER = com.test.BugTracker2Tests;
				PRODUCT_NAME = "$(TARGET_NAME)";
				SWIFT_EMIT_LOC_STRINGS = NO;
				SWIFT_VERSION = 5.0;
				TARGETED_DEVICE_FAMILY = "1,2";
				TEST_HOST = "$(BUILT_PRODUCTS_DIR)/BugTracker2.app/BugTracker2";
			};
			name = Debug;
		};
		19F7CBEB289D1640002BA027 /* Release */ = {
			isa = XCBuildConfiguration;
			baseConfigurationReference = D5682AA48709C26D9C02F2FC /* Pods-BugTracker2Tests.release.xcconfig */;
			buildSettings = {
				ALWAYS_EMBED_SWIFT_STANDARD_LIBRARIES = YES;
				BUNDLE_LOADER = "$(TEST_HOST)";
				CODE_SIGN_STYLE = Automatic;
				CURRENT_PROJECT_VERSION = 1;
				GENERATE_INFOPLIST_FILE = YES;
				IPHONEOS_DEPLOYMENT_TARGET = 15.5;
				MARKETING_VERSION = 1.0;
				PRODUCT_BUNDLE_IDENTIFIER = com.test.BugTracker2Tests;
				PRODUCT_NAME = "$(TARGET_NAME)";
				SWIFT_EMIT_LOC_STRINGS = NO;
				SWIFT_VERSION = 5.0;
				TARGETED_DEVICE_FAMILY = "1,2";
				TEST_HOST = "$(BUILT_PRODUCTS_DIR)/BugTracker2.app/BugTracker2";
			};
			name = Release;
		};
		19F7CBED289D1640002BA027 /* Debug */ = {
			isa = XCBuildConfiguration;
			baseConfigurationReference = 86087A87EC053676C228879F /* Pods-BugTracker2-BugTracker2UITests.debug.xcconfig */;
			buildSettings = {
				ALWAYS_EMBED_SWIFT_STANDARD_LIBRARIES = YES;
				CODE_SIGN_STYLE = Automatic;
				CURRENT_PROJECT_VERSION = 1;
				GENERATE_INFOPLIST_FILE = YES;
				MARKETING_VERSION = 1.0;
				PRODUCT_BUNDLE_IDENTIFIER = com.test.BugTracker2UITests;
				PRODUCT_NAME = "$(TARGET_NAME)";
				SWIFT_EMIT_LOC_STRINGS = NO;
				SWIFT_VERSION = 5.0;
				TARGETED_DEVICE_FAMILY = "1,2";
				TEST_TARGET_NAME = BugTracker2;
			};
			name = Debug;
		};
		19F7CBEE289D1640002BA027 /* Release */ = {
			isa = XCBuildConfiguration;
			baseConfigurationReference = A7D9388EAAE13D1510F155C4 /* Pods-BugTracker2-BugTracker2UITests.release.xcconfig */;
			buildSettings = {
				ALWAYS_EMBED_SWIFT_STANDARD_LIBRARIES = YES;
				CODE_SIGN_STYLE = Automatic;
				CURRENT_PROJECT_VERSION = 1;
				GENERATE_INFOPLIST_FILE = YES;
				MARKETING_VERSION = 1.0;
				PRODUCT_BUNDLE_IDENTIFIER = com.test.BugTracker2UITests;
				PRODUCT_NAME = "$(TARGET_NAME)";
				SWIFT_EMIT_LOC_STRINGS = NO;
				SWIFT_VERSION = 5.0;
				TARGETED_DEVICE_FAMILY = "1,2";
				TEST_TARGET_NAME = BugTracker2;
			};
			name = Release;
		};
/* End XCBuildConfiguration section */

/* Begin XCConfigurationList section */
		19F7CBB4289D163E002BA027 /* Build configuration list for PBXProject "BugTracker2" */ = {
			isa = XCConfigurationList;
			buildConfigurations = (
				19F7CBE4289D1640002BA027 /* Debug */,
				19F7CBE5289D1640002BA027 /* Release */,
			);
			defaultConfigurationIsVisible = 0;
			defaultConfigurationName = Release;
		};
		19F7CBE6289D1640002BA027 /* Build configuration list for PBXNativeTarget "BugTracker2" */ = {
			isa = XCConfigurationList;
			buildConfigurations = (
				19F7CBE7289D1640002BA027 /* Debug */,
				19F7CBE8289D1640002BA027 /* Release */,
			);
			defaultConfigurationIsVisible = 0;
			defaultConfigurationName = Release;
		};
		19F7CBE9289D1640002BA027 /* Build configuration list for PBXNativeTarget "BugTracker2Tests" */ = {
			isa = XCConfigurationList;
			buildConfigurations = (
				19F7CBEA289D1640002BA027 /* Debug */,
				19F7CBEB289D1640002BA027 /* Release */,
			);
			defaultConfigurationIsVisible = 0;
			defaultConfigurationName = Release;
		};
		19F7CBEC289D1640002BA027 /* Build configuration list for PBXNativeTarget "BugTracker2UITests" */ = {
			isa = XCConfigurationList;
			buildConfigurations = (
				19F7CBED289D1640002BA027 /* Debug */,
				19F7CBEE289D1640002BA027 /* Release */,
			);
			defaultConfigurationIsVisible = 0;
			defaultConfigurationName = Release;
		};
/* End XCConfigurationList section */

/* Begin XCVersionGroup section */
		19F7CBC5289D163F002BA027 /* BugTracker2.xcdatamodeld */ = {
			isa = XCVersionGroup;
			children = (
				19F7CBC6289D163F002BA027 /* BugTracker2.xcdatamodel */,
			);
			currentVersion = 19F7CBC6289D163F002BA027 /* BugTracker2.xcdatamodel */;
			path = BugTracker2.xcdatamodeld;
			sourceTree = "<group>";
			versionGroupType = wrapper.xcdatamodel;
		};
/* End XCVersionGroup section */
	};
	rootObject = 19F7CBB1289D163E002BA027 /* Project object */;
}
